
Microsoft Visual Studio Solution File, Format Version 12.00
# Visual Studio 15
VisualStudioVersion = 15.0.27428.2037
MinimumVisualStudioVersion = 10.0.40219.1
Project("{FAE04EC0-301F-11D3-BF4B-00C04F79EFBC}") = "WebAPIForMyHealthBuddy", "WebAPIForMyHealthBuddy\WebAPIForMyHealthBuddy.csproj", "{8DB12407-596F-4F8F-89F9-533B2D60E5CA}"
EndProject
Global
	GlobalSection(SolutionConfigurationPlatforms) = preSolution
		Debug|Any CPU = Debug|Any CPU
		Release|Any CPU = Release|Any CPU
	EndGlobalSection
	GlobalSection(ProjectConfigurationPlatforms) = postSolution
		{8DB12407-596F-4F8F-89F9-533B2D60E5CA}.Debug|Any CPU.ActiveCfg = Debug|Any CPU
		{8DB12407-596F-4F8F-89F9-533B2D60E5CA}.Debug|Any CPU.Build.0 = Debug|Any CPU
		{8DB12407-596F-4F8F-89F9-533B2D60E5CA}.Release|Any CPU.ActiveCfg = Release|Any CPU
		{8DB12407-596F-4F8F-89F9-533B2D60E5CA}.Release|Any CPU.Build.0 = Release|Any CPU
	EndGlobalSection
	GlobalSection(SolutionProperties) = preSolution
		HideSolutionNode = FALSE
	EndGlobalSection
	GlobalSection(ExtensibilityGlobals) = postSolution
		SolutionGuid = {3A74FF1C-15FB-453C-B8DE-50BE4AF1A27E}
	EndGlobalSection
EndGlobal
